
Microsoft Visual Studio Solution File, Format Version 12.00
# Visual Studio Version 16
VisualStudioVersion = 16.0.28917.181
MinimumVisualStudioVersion = 10.0.40219.1
Project("{FAE04EC0-301F-11D3-BF4B-00C04F79EFBC}") = "CallPythonLab", "CallPythonLab\CallPythonLab.csproj", "{A6E5F1B7-2F34-4C2E-8090-6EAE72BF9176}"
EndProject
Global
	GlobalSection(SolutionConfigurationPlatforms) = preSolution
		Debug|Any CPU = Debug|Any CPU
		Release|Any CPU = Release|Any CPU
	EndGlobalSection
	GlobalSection(ProjectConfigurationPlatforms) = postSolution
		{A6E5F1B7-2F34-4C2E-8090-6EAE72BF9176}.Debug|Any CPU.ActiveCfg = Debug|Any CPU
		{A6E5F1B7-2F34-4C2E-8090-6EAE72BF9176}.Debug|Any CPU.Build.0 = Debug|Any CPU
		{A6E5F1B7-2F34-4C2E-8090-6EAE72BF9176}.Release|Any CPU.ActiveCfg = Release|Any CPU
		{A6E5F1B7-2F34-4C2E-8090-6EAE72BF9176}.Release|Any CPU.Build.0 = Release|Any CPU
	EndGlobalSection
	GlobalSection(SolutionProperties) = preSolution
		HideSolutionNode = FALSE
	EndGlobalSection
	GlobalSection(ExtensibilityGlobals) = postSolution
		SolutionGuid = {2BB86DA5-852D-4D8E-BC26-C5D42886634D}
	EndGlobalSection
EndGlobal
